{
  "name": "figma-ambiguous-text-detector",
  "version": "1.0.0",
  "lockfileVersion": 3,
  "requires": true,
  "packages": {
    "": {
      "name": "figma-ambiguous-text-detector",
      "version": "1.0.0",
      "license": "MIT",
      "devDependencies": {
        "@figma/plugin-typings": "^1.90.0",
        "typescript": "^5.0.0"
      }
    },
    "node_modules/@figma/plugin-typings": {
      "version": "1.115.0",
      "resolved": "https://registry.npmmirror.com/@figma/plugin-typings/-/plugin-typings-1.115.0.tgz",
      "integrity": "sha512-qAnJuOkZDXKzMacnkugoi9rIIQ9/P3CP0zqsSklXuXhREWsqOTua35Fpkxmp25DHjPqs6tC+eVuVWvKWHHq4pA==",
      "dev": true,
      "license": "MIT License"
    },
    "node_modules/typescript": {
      "version": "5.8.3",
      "resolved": "https://registry.npmmirror.com/typescript/-/typescript-5.8.3.tgz",
      "integrity": "sha512-p1diW6TqL9L07nNxvRMM7hMMw4c5XOo/1ibL4aAIGmSAt9slTE1Xgw5KWuof2uTOvCg9BY7ZRi+GaF+7sfgPeQ==",
      "dev": true,
      "license": "Apache-2.0",
      "bin": {
        "tsc": "bin/tsc",
        "tsserver": "bin/tsserver"
      },
      "engines": {
        "node": ">=14.17"
      }
    }
  }
}
